
Microsoft Visual Studio Solution File, Format Version 12.00
# Visual Studio Version 16
VisualStudioVersion = 16.0.29728.190
MinimumVisualStudioVersion = 10.0.40219.1
Project("{2150E333-8FDC-42A3-9474-1A3956D46DE8}") = "samples", "samples", "{2103E64B-8FFD-4B4E-8BD6-32338B5A7F98}"
EndProject
Project("{FAE04EC0-301F-11D3-BF4B-00C04F79EFBC}") = "Datadog.OpenTelemetry.Exporter", "src\Datadog.OpenTelemetry.Exporter\Datadog.OpenTelemetry.Exporter.csproj", "{0275AD06-2C84-4B06-B1C1-9EB7A6BCCEBE}"
EndProject
Project("{FAE04EC0-301F-11D3-BF4B-00C04F79EFBC}") = "AspNetCoreMvc60", "samples\AspNetCoreMvc60\AspNetCoreMvc60.csproj", "{AA3A6889-8259-4F75-957B-9CD9764455E2}"
EndProject
Global
	GlobalSection(SolutionConfigurationPlatforms) = preSolution
		Debug|Any CPU = Debug|Any CPU
		Release|Any CPU = Release|Any CPU
	EndGlobalSection
	GlobalSection(ProjectConfigurationPlatforms) = postSolution
		{0275AD06-2C84-4B06-B1C1-9EB7A6BCCEBE}.Debug|Any CPU.ActiveCfg = Debug|Any CPU
		{0275AD06-2C84-4B06-B1C1-9EB7A6BCCEBE}.Debug|Any CPU.Build.0 = Debug|Any CPU
		{0275AD06-2C84-4B06-B1C1-9EB7A6BCCEBE}.Release|Any CPU.ActiveCfg = Release|Any CPU
		{0275AD06-2C84-4B06-B1C1-9EB7A6BCCEBE}.Release|Any CPU.Build.0 = Release|Any CPU
		{AA3A6889-8259-4F75-957B-9CD9764455E2}.Debug|Any CPU.ActiveCfg = Debug|Any CPU
		{AA3A6889-8259-4F75-957B-9CD9764455E2}.Debug|Any CPU.Build.0 = Debug|Any CPU
		{AA3A6889-8259-4F75-957B-9CD9764455E2}.Release|Any CPU.ActiveCfg = Release|Any CPU
		{AA3A6889-8259-4F75-957B-9CD9764455E2}.Release|Any CPU.Build.0 = Release|Any CPU
	EndGlobalSection
	GlobalSection(SolutionProperties) = preSolution
		HideSolutionNode = FALSE
	EndGlobalSection
	GlobalSection(NestedProjects) = preSolution
		{AA3A6889-8259-4F75-957B-9CD9764455E2} = {2103E64B-8FFD-4B4E-8BD6-32338B5A7F98}
	EndGlobalSection
	GlobalSection(ExtensibilityGlobals) = postSolution
		SolutionGuid = {4B99C7C8-1791-4AAA-8042-F0D7787C4006}
	EndGlobalSection
EndGlobal
